
Microsoft Visual Studio Solution File, Format Version 12.00
# Visual Studio 15
VisualStudioVersion = 15.0.26403.7
MinimumVisualStudioVersion = 10.0.40219.1
Project("{FAE04EC0-301F-11D3-BF4B-00C04F79EFBC}") = "TicTacToe", "TicTacToe\TicTacToe.csproj", "{66835412-5E4A-45DE-BF39-67031C05B8A6}"
EndProject
Project("{FAE04EC0-301F-11D3-BF4B-00C04F79EFBC}") = "TicTacToeLibrary", "ClassLibrary1\TicTacToeLibrary.csproj", "{44FAE8AB-5EF4-4145-9ED0-F562A2E3FEC7}"
EndProject
Project("{FAE04EC0-301F-11D3-BF4B-00C04F79EFBC}") = "TicTacToeConsole", "ConsoleApp1\TicTacToeConsole.csproj", "{61F551C8-C0B0-40C4-A91C-426A14A22779}"
EndProject
Global
	GlobalSection(SolutionConfigurationPlatforms) = preSolution
		Debug|Any CPU = Debug|Any CPU
		Release|Any CPU = Release|Any CPU
	EndGlobalSection
	GlobalSection(ProjectConfigurationPlatforms) = postSolution
		{66835412-5E4A-45DE-BF39-67031C05B8A6}.Debug|Any CPU.ActiveCfg = Debug|Any CPU
		{66835412-5E4A-45DE-BF39-67031C05B8A6}.Debug|Any CPU.Build.0 = Debug|Any CPU
		{66835412-5E4A-45DE-BF39-67031C05B8A6}.Release|Any CPU.ActiveCfg = Release|Any CPU
		{66835412-5E4A-45DE-BF39-67031C05B8A6}.Release|Any CPU.Build.0 = Release|Any CPU
		{66835412-5E4A-45DE-BF39-67031C05B8A6}.Release|Any CPU.Deploy.0 = Release|Any CPU
		{44FAE8AB-5EF4-4145-9ED0-F562A2E3FEC7}.Debug|Any CPU.ActiveCfg = Debug|Any CPU
		{44FAE8AB-5EF4-4145-9ED0-F562A2E3FEC7}.Debug|Any CPU.Build.0 = Debug|Any CPU
		{44FAE8AB-5EF4-4145-9ED0-F562A2E3FEC7}.Release|Any CPU.ActiveCfg = Release|Any CPU
		{44FAE8AB-5EF4-4145-9ED0-F562A2E3FEC7}.Release|Any CPU.Build.0 = Release|Any CPU
		{61F551C8-C0B0-40C4-A91C-426A14A22779}.Debug|Any CPU.ActiveCfg = Debug|Any CPU
		{61F551C8-C0B0-40C4-A91C-426A14A22779}.Debug|Any CPU.Build.0 = Debug|Any CPU
		{61F551C8-C0B0-40C4-A91C-426A14A22779}.Release|Any CPU.ActiveCfg = Release|Any CPU
		{61F551C8-C0B0-40C4-A91C-426A14A22779}.Release|Any CPU.Build.0 = Release|Any CPU
	EndGlobalSection
	GlobalSection(SolutionProperties) = preSolution
		HideSolutionNode = FALSE
	EndGlobalSection
EndGlobal
